
Microsoft Visual Studio Solution File, Format Version 12.00
# Visual Studio 15
VisualStudioVersion = 15.0.27703.2047
MinimumVisualStudioVersion = 10.0.40219.1
Project("{FAE04EC0-301F-11D3-BF4B-00C04F79EFBC}") = "ConsoleApp.11.8", "ConsoleApp.11.8\ConsoleApp.11.8.csproj", "{2A973D02-1EF1-4877-AFCE-1B495D706005}"
EndProject
Project("{FAE04EC0-301F-11D3-BF4B-00C04F79EFBC}") = "ConsoleApp.11.9", "ConsoleApp.11.9\ConsoleApp.11.9.csproj", "{083E707C-A5D7-4857-AD30-608441E398AF}"
EndProject
Global
	GlobalSection(SolutionConfigurationPlatforms) = preSolution
		Debug|Any CPU = Debug|Any CPU
		Release|Any CPU = Release|Any CPU
	EndGlobalSection
	GlobalSection(ProjectConfigurationPlatforms) = postSolution
		{2A973D02-1EF1-4877-AFCE-1B495D706005}.Debug|Any CPU.ActiveCfg = Debug|Any CPU
		{2A973D02-1EF1-4877-AFCE-1B495D706005}.Debug|Any CPU.Build.0 = Debug|Any CPU
		{2A973D02-1EF1-4877-AFCE-1B495D706005}.Release|Any CPU.ActiveCfg = Release|Any CPU
		{2A973D02-1EF1-4877-AFCE-1B495D706005}.Release|Any CPU.Build.0 = Release|Any CPU
		{083E707C-A5D7-4857-AD30-608441E398AF}.Debug|Any CPU.ActiveCfg = Debug|Any CPU
		{083E707C-A5D7-4857-AD30-608441E398AF}.Debug|Any CPU.Build.0 = Debug|Any CPU
		{083E707C-A5D7-4857-AD30-608441E398AF}.Release|Any CPU.ActiveCfg = Release|Any CPU
		{083E707C-A5D7-4857-AD30-608441E398AF}.Release|Any CPU.Build.0 = Release|Any CPU
	EndGlobalSection
	GlobalSection(SolutionProperties) = preSolution
		HideSolutionNode = FALSE
	EndGlobalSection
	GlobalSection(ExtensibilityGlobals) = postSolution
		SolutionGuid = {EF271C59-513E-489D-A0CD-097574B48608}
	EndGlobalSection
EndGlobal
